{
  "lockfile_version": "1",
  "packages": {
    "python312Packages.tkinter@3.12.5": {
      "last_modified": "2024-09-10T15:01:03Z",
      "resolved": "github:NixOS/nixpkgs/5ed627539ac84809c78b2dd6d26a5cebeb5ae269#python312Packages.tkinter",
      "source": "devbox-search",
      "version": "3.12.5",
      "systems": {
        "aarch64-darwin": {
          "outputs": [
            {
              "name": "out",
              "path": "/nix/store/72y14y4ndfdavmwfaz6gagq4f4lm1paf-python3.12-tkinter-3.12.5",
              "default": true
            }
          ],
          "store_path": "/nix/store/72y14y4ndfdavmwfaz6gagq4f4lm1paf-python3.12-tkinter-3.12.5"
        },
        "aarch64-linux": {
          "outputs": [
            {
              "name": "out",
              "path": "/nix/store/pdfgn5zg2d6pr6dsiml09qwqam99lfih-python3.12-tkinter-3.12.5",
              "default": true
            }
          ],
          "store_path": "/nix/store/pdfgn5zg2d6pr6dsiml09qwqam99lfih-python3.12-tkinter-3.12.5"
        },
        "x86_64-darwin": {
          "outputs": [
            {
              "name": "out",
              "path": "/nix/store/ibaxb2b0dkz3q963y2pi77bwjnlcwr72-python3.12-tkinter-3.12.5",
              "default": true
            }
          ],
          "store_path": "/nix/store/ibaxb2b0dkz3q963y2pi77bwjnlcwr72-python3.12-tkinter-3.12.5"
        },
        "x86_64-linux": {
          "outputs": [
            {
              "name": "out",
              "path": "/nix/store/hl69m5n0sqc8bvib9adl67ww9rm2gzhw-python3.12-tkinter-3.12.5",
              "default": true
            }
          ],
          "store_path": "/nix/store/hl69m5n0sqc8bvib9adl67ww9rm2gzhw-python3.12-tkinter-3.12.5"
        }
      }
    },
    "python@3.12.5": {
      "last_modified": "2024-09-10T15:01:03Z",
      "plugin_version": "0.0.4",
      "resolved": "github:NixOS/nixpkgs/5ed627539ac84809c78b2dd6d26a5cebeb5ae269#python3",
      "source": "devbox-search",
      "version": "3.12.5",
      "systems": {
        "aarch64-darwin": {
          "outputs": [
            {
              "name": "out",
              "path": "/nix/store/9pj4rzx5pbynkkxq1srzwjhywmcfxws3-python3-3.12.5",
              "default": true
            }
          ],
          "store_path": "/nix/store/9pj4rzx5pbynkkxq1srzwjhywmcfxws3-python3-3.12.5"
        },
        "aarch64-linux": {
          "outputs": [
            {
              "name": "out",
              "path": "/nix/store/6iq3nhgdyp8a5wzwf097zf2mn4zyqxr6-python3-3.12.5",
              "default": true
            },
            {
              "name": "debug",
              "path": "/nix/store/xc4hygp28y7g1rvjf0vi7fj0d83a75pj-python3-3.12.5-debug"
            }
          ],
          "store_path": "/nix/store/6iq3nhgdyp8a5wzwf097zf2mn4zyqxr6-python3-3.12.5"
        },
        "x86_64-darwin": {
          "outputs": [
            {
              "name": "out",
              "path": "/nix/store/ks8acr22s4iggnmvxydm5czl30racy32-python3-3.12.5",
              "default": true
            }
          ],
          "store_path": "/nix/store/ks8acr22s4iggnmvxydm5czl30racy32-python3-3.12.5"
        },
        "x86_64-linux": {
          "outputs": [
            {
              "name": "out",
              "path": "/nix/store/h3i0acpmr8mrjx07519xxmidv8mpax4y-python3-3.12.5",
              "default": true
            },
            {
              "name": "debug",
              "path": "/nix/store/0a39pi2s6kxqc3kjjz2y9yzibd62zhhb-python3-3.12.5-debug"
            }
          ],
          "store_path": "/nix/store/h3i0acpmr8mrjx07519xxmidv8mpax4y-python3-3.12.5"
        }
      }
    }
  }
}
